{
  "name": "agent-provider",
  "version": "0.1.0",
  "lockfileVersion": 3,
  "requires": true,
  "packages": {
    "": {
      "name": "agent-provider",
      "version": "0.1.0",
      "dependencies": {
        "@meshprotocol/sdk": "^0.1.0",
        "@nebulaos/core": "^0.2.6"
      }
    },
    "node_modules/@meshprotocol/sdk": {
      "version": "0.1.0",
      "resolved": "https://registry.npmjs.org/@meshprotocol/sdk/-/sdk-0.1.0.tgz",
      "integrity": "sha512-8LV+jEdPTglRnjaJz0rA/UDOx7j9WVpCnqObovCRjLF8kiJme0ii+Tjek9rGf0ukm0reoemsGEIVP0F39Tzkjw==",
      "license": "Apache-2.0",
      "dependencies": {
        "nats": "^2.28.2"
      },
      "engines": {
        "node": ">=18"
      }
    },
    "node_modules/@nebulaos/core": {
      "version": "0.2.6",
      "resolved": "https://registry.npmjs.org/@nebulaos/core/-/core-0.2.6.tgz",
      "integrity": "sha512-Rf6c4hJEZZ6Sa7R57V/zN9LLW1nGRKZdAc5y8lgN4i4cA3sOAPxjH9kA9sz3zN14a6LZJiOIEQ6E6Bcu9zTgBg==",
      "license": "PROPRIETARY",
      "dependencies": {
        "@nebulaos/types": "^0.1.5",
        "uuid": "^9.0.1",
        "zod": "^3.0.0",
        "zod-to-json-schema": "^3.0.0"
      }
    },
    "node_modules/@nebulaos/types": {
      "version": "0.1.5",
      "resolved": "https://registry.npmjs.org/@nebulaos/types/-/types-0.1.5.tgz",
      "integrity": "sha512-EW/L4UKE1bSLZ2SGdO/O+DFBRBd7Q1xn2jZtHtOyO/rBL2ZLAzF8q54UZdFT92g9mhhKSV2dq8vJ55Td5ACy3g==",
      "license": "MIT",
      "dependencies": {
        "zod": "^3.25.76"
      }
    },
    "node_modules/nats": {
      "version": "2.29.3",
      "resolved": "https://registry.npmjs.org/nats/-/nats-2.29.3.tgz",
      "integrity": "sha512-tOQCRCwC74DgBTk4pWZ9V45sk4d7peoE2njVprMRCBXrhJ5q5cYM7i6W+Uvw2qUrcfOSnuisrX7bEx3b3Wx4QA==",
      "license": "Apache-2.0",
      "dependencies": {
        "nkeys.js": "1.1.0"
      },
      "engines": {
        "node": ">= 14.0.0"
      }
    },
    "node_modules/nkeys.js": {
      "version": "1.1.0",
      "resolved": "https://registry.npmjs.org/nkeys.js/-/nkeys.js-1.1.0.tgz",
      "integrity": "sha512-tB/a0shZL5UZWSwsoeyqfTszONTt4k2YS0tuQioMOD180+MbombYVgzDUYHlx+gejYK6rgf08n/2Df99WY0Sxg==",
      "license": "Apache-2.0",
      "dependencies": {
        "tweetnacl": "1.0.3"
      },
      "engines": {
        "node": ">=10.0.0"
      }
    },
    "node_modules/tweetnacl": {
      "version": "1.0.3",
      "resolved": "https://registry.npmjs.org/tweetnacl/-/tweetnacl-1.0.3.tgz",
      "integrity": "sha512-6rt+RN7aOi1nGMyC4Xa5DdYiukl2UWCbcJft7YhxReBGQD7OAM8Pbxw6YMo4r2diNEA8FEmu32YOn9rhaiE5yw==",
      "license": "Unlicense"
    },
    "node_modules/uuid": {
      "version": "9.0.1",
      "resolved": "https://registry.npmjs.org/uuid/-/uuid-9.0.1.tgz",
      "integrity": "sha512-b+1eJOlsR9K8HJpow9Ok3fiWOWSIcIzXodvv0rQjVoOVNpWMpxf1wZNpt4y9h10odCNrqnYp1OBzRktckBe3sA==",
      "funding": [
        "https://github.com/sponsors/broofa",
        "https://github.com/sponsors/ctavan"
      ],
      "license": "MIT",
      "bin": {
        "uuid": "dist/bin/uuid"
      }
    },
    "node_modules/zod": {
      "version": "3.25.76",
      "resolved": "https://registry.npmjs.org/zod/-/zod-3.25.76.tgz",
      "integrity": "sha512-gzUt/qt81nXsFGKIFcC3YnfEAx5NkunCfnDlvuBSSFS02bcXu4Lmea0AFIUwbLWxWPx3d9p8S5QoaujKcNQxcQ==",
      "license": "MIT",
      "funding": {
        "url": "https://github.com/sponsors/colinhacks"
      }
    },
    "node_modules/zod-to-json-schema": {
      "version": "3.25.1",
      "resolved": "https://registry.npmjs.org/zod-to-json-schema/-/zod-to-json-schema-3.25.1.tgz",
      "integrity": "sha512-pM/SU9d3YAggzi6MtR4h7ruuQlqKtad8e9S0fmxcMi+ueAK5Korys/aWcV9LIIHTVbj01NdzxcnXSN+O74ZIVA==",
      "license": "ISC",
      "peerDependencies": {
        "zod": "^3.25 || ^4"
      }
    }
  }
}
